
Microsoft Visual Studio Solution File, Format Version 12.00
# Visual Studio Version 16
VisualStudioVersion = 16.0.33130.400
MinimumVisualStudioVersion = 10.0.40219.1
Project("{FAE04EC0-301F-11D3-BF4B-00C04F79EFBC}") = "Mission4Assignment", "Mission4Assignment\Mission4Assignment.csproj", "{C9DF2D47-B358-4ED3-AFE5-2ABD83DCC17D}"
EndProject
Global
	GlobalSection(SolutionConfigurationPlatforms) = preSolution
		Debug|Any CPU = Debug|Any CPU
		Release|Any CPU = Release|Any CPU
	EndGlobalSection
	GlobalSection(ProjectConfigurationPlatforms) = postSolution
		{C9DF2D47-B358-4ED3-AFE5-2ABD83DCC17D}.Debug|Any CPU.ActiveCfg = Debug|Any CPU
		{C9DF2D47-B358-4ED3-AFE5-2ABD83DCC17D}.Debug|Any CPU.Build.0 = Debug|Any CPU
		{C9DF2D47-B358-4ED3-AFE5-2ABD83DCC17D}.Release|Any CPU.ActiveCfg = Release|Any CPU
		{C9DF2D47-B358-4ED3-AFE5-2ABD83DCC17D}.Release|Any CPU.Build.0 = Release|Any CPU
	EndGlobalSection
	GlobalSection(SolutionProperties) = preSolution
		HideSolutionNode = FALSE
	EndGlobalSection
	GlobalSection(ExtensibilityGlobals) = postSolution
		SolutionGuid = {F15DE9E2-7884-46CF-8903-D8ADAEC54E47}
	EndGlobalSection
EndGlobal
